// !$*UTF8*$!
{
	archiveVersion = 1;
	classes = {
	};
	objectVersion = 46;
	objects = {

/* Begin PBXBuildFile section */
		6FA086661E4C43FD00E41869 /* main.m in Sources */ = {isa = PBXBuildFile; fileRef = 6FA086651E4C43FD00E41869 /* main.m */; };
		6FA0866E1E4C45A300E41869 /* arithematic.m in Sources */ = {isa = PBXBuildFile; fileRef = 6FA0866D1E4C45A300E41869 /* arithematic.m */; };
		6FA086711E4C475400E41869 /* arithematic+mycat.m in Sources */ = {isa = PBXBuildFile; fileRef = 6FA086701E4C475400E41869 /* arithematic+mycat.m */; };
		6FA086741E4C49EC00E41869 /* NSString+StringCategory.m in Sources */ = {isa = PBXBuildFile; fileRef = 6FA086731E4C49EC00E41869 /* NSString+StringCategory.m */; };
/* End PBXBuildFile section */

/* Begin PBXCopyFilesBuildPhase section */
		6FA086601E4C43FD00E41869 /* CopyFiles */ = {
			isa = PBXCopyFilesBuildPhase;
			buildActionMask = 2147483647;
			dstPath = /usr/share/man/man1/;
			dstSubfolderSpec = 0;
			files = (
			);
			runOnlyForDeploymentPostprocessing = 1;
		};
/* End PBXCopyFilesBuildPhase section */

/* Begin PBXFileReference section */
		6FA086621E4C43FD00E41869 /* Cotegory_day10 */ = {isa = PBXFileReference; explicitFileType = "compiled.mach-o.executable"; includeInIndex = 0; path = Cotegory_day10; sourceTree = BUILT_PRODUCTS_DIR; };
		6FA086651E4C43FD00E41869 /* main.m */ = {isa = PBXFileReference; lastKnownFileType = sourcecode.c.objc; path = main.m; sourceTree = "<group>"; };
		6FA0866C1E4C45A300E41869 /* arithematic.h */ = {isa = PBXFileReference; fileEncoding = 4; lastKnownFileType = sourcecode.c.h; path = arithematic.h; sourceTree = "<group>"; };
		6FA0866D1E4C45A300E41869 /* arithematic.m */ = {isa = PBXFileReference; fileEncoding = 4; lastKnownFileType = sourcecode.c.objc; path = arithematic.m; sourceTree = "<group>"; };
		6FA0866F1E4C475400E41869 /* arithematic+mycat.h */ = {isa = PBXFileReference; fileEncoding = 4; lastKnownFileType = sourcecode.c.h; path = "arithematic+mycat.h"; sourceTree = "<group>"; };
		6FA086701E4C475400E41869 /* arithematic+mycat.m */ = {isa = PBXFileReference; fileEncoding = 4; lastKnownFileType = sourcecode.c.objc; path = "arithematic+mycat.m"; sourceTree = "<group>"; };
		6FA086721E4C49EC00E41869 /* NSString+StringCategory.h */ = {isa = PBXFileReference; fileEncoding = 4; lastKnownFileType = sourcecode.c.h; path = "NSString+StringCategory.h"; sourceTree = "<group>"; };
		6FA086731E4C49EC00E41869 /* NSString+StringCategory.m */ = {isa = PBXFileReference; fileEncoding = 4; lastKnownFileType = sourcecode.c.objc; path = "NSString+StringCategory.m"; sourceTree = "<group>"; };
/* End PBXFileReference section */

/* Begin PBXFrameworksBuildPhase section */
		6FA0865F1E4C43FD00E41869 /* Frameworks */ = {
			isa = PBXFrameworksBuildPhase;
			buildActionMask = 2147483647;
			files = (
			);
			runOnlyForDeploymentPostprocessing = 0;
		};
/* End PBXFrameworksBuildPhase section */

/* Begin PBXGroup section */
		6FA086591E4C43FD00E41869 = {
			isa = PBXGroup;
			children = (
				6FA086641E4C43FD00E41869 /* Cotegory_day10 */,
				6FA086631E4C43FD00E41869 /* Products */,
			);
			sourceTree = "<group>";
		};
		6FA086631E4C43FD00E41869 /* Products */ = {
			isa = PBXGroup;
			children = (
				6FA086621E4C43FD00E41869 /* Cotegory_day10 */,
			);
			name = Products;
			sourceTree = "<group>";
		};
		6FA086641E4C43FD00E41869 /* Cotegory_day10 */ = {
			isa = PBXGroup;
			children = (
				6FA086651E4C43FD00E41869 /* main.m */,
				6FA0866F1E4C475400E41869 /* arithematic+mycat.h */,
				6FA086721E4C49EC00E41869 /* NSString+StringCategory.h */,
				6FA086731E4C49EC00E41869 /* NSString+StringCategory.m */,
				6FA086701E4C475400E41869 /* arithematic+mycat.m */,
				6FA0866C1E4C45A300E41869 /* arithematic.h */,
				6FA0866D1E4C45A300E41869 /* arithematic.m */,
			);
			path = Cotegory_day10;
			sourceTree = "<group>";
		};
/* End PBXGroup section */

/* Begin PBXNativeTarget section */
		6FA086611E4C43FD00E41869 /* Cotegory_day10 */ = {
			isa = PBXNativeTarget;
			buildConfigurationList = 6FA086691E4C43FD00E41869 /* Build configuration list for PBXNativeTarget "Cotegory_day10" */;
			buildPhases = (
				6FA0865E1E4C43FD00E41869 /* Sources */,
				6FA0865F1E4C43FD00E41869 /* Frameworks */,
				6FA086601E4C43FD00E41869 /* CopyFiles */,
			);
			buildRules = (
			);
			dependencies = (
			);
			name = Cotegory_day10;
			productName = Cotegory_day10;
			productReference = 6FA086621E4C43FD00E41869 /* Cotegory_day10 */;
			productType = "com.apple.product-type.tool";
		};
/* End PBXNativeTarget section */

/* Begin PBXProject section */
		6FA0865A1E4C43FD00E41869 /* Project object */ = {
			isa = PBXProject;
			attributes = {
				LastUpgradeCheck = 0730;
				ORGANIZATIONNAME = Felix;
				TargetAttributes = {
					6FA086611E4C43FD00E41869 = {
						CreatedOnToolsVersion = 7.3.1;
					};
				};
			};
			buildConfigurationList = 6FA0865D1E4C43FD00E41869 /* Build configuration list for PBXProject "Cotegory_day10" */;
			compatibilityVersion = "Xcode 3.2";
			developmentRegion = English;
			hasScannedForEncodings = 0;
			knownRegions = (
				en,
			);
			mainGroup = 6FA086591E4C43FD00E41869;
			productRefGroup = 6FA086631E4C43FD00E41869 /* Products */;
			projectDirPath = "";
			projectRoot = "";
			targets = (
				6FA086611E4C43FD00E41869 /* Cotegory_day10 */,
			);
		};
/* End PBXProject section */

/* Begin PBXSourcesBuildPhase section */
		6FA0865E1E4C43FD00E41869 /* Sources */ = {
			isa = PBXSourcesBuildPhase;
			buildActionMask = 2147483647;
			files = (
				6FA086741E4C49EC00E41869 /* NSString+StringCategory.m in Sources */,
				6FA086711E4C475400E41869 /* arithematic+mycat.m in Sources */,
				6FA086661E4C43FD00E41869 /* main.m in Sources */,
				6FA0866E1E4C45A300E41869 /* arithematic.m in Sources */,
			);
			runOnlyForDeploymentPostprocessing = 0;
		};
/* End PBXSourcesBuildPhase section */

/* Begin XCBuildConfiguration section */
		6FA086671E4C43FD00E41869 /* Debug */ = {
			isa = XCBuildConfiguration;
			buildSettings = {
				ALWAYS_SEARCH_USER_PATHS = NO;
				CLANG_ANALYZER_NONNULL = YES;
				CLANG_CXX_LANGUAGE_STANDARD = "gnu++0x";
				CLANG_CXX_LIBRARY = "libc++";
				CLANG_ENABLE_MODULES = YES;
				CLANG_ENABLE_OBJC_ARC = YES;
				CLANG_WARN_BOOL_CONVERSION = YES;
				CLANG_WARN_CONSTANT_CONVERSION = YES;
				CLANG_WARN_DIRECT_OBJC_ISA_USAGE = YES_ERROR;
				CLANG_WARN_EMPTY_BODY = YES;
				CLANG_WARN_ENUM_CONVERSION = YES;
				CLANG_WARN_INT_CONVERSION = YES;
				CLANG_WARN_OBJC_ROOT_CLASS = YES_ERROR;
				CLANG_WARN_UNREACHABLE_CODE = YES;
				CLANG_WARN__DUPLICATE_METHOD_MATCH = YES;
				CODE_SIGN_IDENTITY = "-";
				COPY_PHASE_STRIP = NO;
				DEBUG_INFORMATION_FORMAT = dwarf;
				ENABLE_STRICT_OBJC_MSGSEND = YES;
				ENABLE_TESTABILITY = YES;
				GCC_C_LANGUAGE_STANDARD = gnu99;
				GCC_DYNAMIC_NO_PIC = NO;
				GCC_NO_COMMON_BLOCKS = YES;
				GCC_OPTIMIZATION_LEVEL = 0;
				GCC_PREPROCESSOR_DEFINITIONS = (
					"DEBUG=1",
					"$(inherited)",
				);
				GCC_WARN_64_TO_32_BIT_CONVERSION = YES;
				GCC_WARN_ABOUT_RETURN_TYPE = YES_ERROR;
				GCC_WARN_UNDECLARED_SELECTOR = YES;
				GCC_WARN_UNINITIALIZED_AUTOS = YES_AGGRESSIVE;
				GCC_WARN_UNUSED_FUNCTION = YES;
				GCC_WARN_UNUSED_VARIABLE = YES;
				MACOSX_DEPLOYMENT_TARGET = 10.12;
				MTL_ENABLE_DEBUG_INFO = YES;
				ONLY_ACTIVE_ARCH = YES;
				SDKROOT = macosx;
			};
			name = Debug;
		};
		6FA086681E4C43FD00E41869 /* Release */ = {
			isa = XCBuildConfiguration;
			buildSettings = {
				ALWAYS_SEARCH_USER_PATHS = NO;
				CLANG_ANALYZER_NONNULL = YES;
				CLANG_CXX_LANGUAGE_STANDARD = "gnu++0x";
				CLANG_CXX_LIBRARY = "libc++";
				CLANG_ENABLE_MODULES = YES;
				CLANG_ENABLE_OBJC_ARC = YES;
				CLANG_WARN_BOOL_CONVERSION = YES;
				CLANG_WARN_CONSTANT_CONVERSION = YES;
				CLANG_WARN_DIRECT_OBJC_ISA_USAGE = YES_ERROR;
				CLANG_WARN_EMPTY_BODY = YES;
				CLANG_WARN_ENUM_CONVERSION = YES;
				CLANG_WARN_INT_CONVERSION = YES;
				CLANG_WARN_OBJC_ROOT_CLASS = YES_ERROR;
				CLANG_WARN_UNREACHABLE_CODE = YES;
				CLANG_WARN__DUPLICATE_METHOD_MATCH = YES;
				CODE_SIGN_IDENTITY = "-";
				COPY_PHASE_STRIP = NO;
				DEBUG_INFORMATION_FORMAT = "dwarf-with-dsym";
				ENABLE_NS_ASSERTIONS = NO;
				ENABLE_STRICT_OBJC_MSGSEND = YES;
				GCC_C_LANGUAGE_STANDARD = gnu99;
				GCC_NO_COMMON_BLOCKS = YES;
				GCC_WARN_64_TO_32_BIT_CONVERSION = YES;
				GCC_WARN_ABOUT_RETURN_TYPE = YES_ERROR;
				GCC_WARN_UNDECLARED_SELECTOR = YES;
				GCC_WARN_UNINITIALIZED_AUTOS = YES_AGGRESSIVE;
				GCC_WARN_UNUSED_FUNCTION = YES;
				GCC_WARN_UNUSED_VARIABLE = YES;
				MACOSX_DEPLOYMENT_TARGET = 10.12;
				MTL_ENABLE_DEBUG_INFO = NO;
				SDKROOT = macosx;
			};
			name = Release;
		};
		6FA0866A1E4C43FD00E41869 /* Debug */ = {
			isa = XCBuildConfiguration;
			buildSettings = {
				PRODUCT_NAME = "$(TARGET_NAME)";
			};
			name = Debug;
		};
		6FA0866B1E4C43FD00E41869 /* Release */ = {
			isa = XCBuildConfiguration;
			buildSettings = {
				PRODUCT_NAME = "$(TARGET_NAME)";
			};
			name = Release;
		};
/* End XCBuildConfiguration section */

/* Begin XCConfigurationList section */
		6FA0865D1E4C43FD00E41869 /* Build configuration list for PBXProject "Cotegory_day10" */ = {
			isa = XCConfigurationList;
			buildConfigurations = (
				6FA086671E4C43FD00E41869 /* Debug */,
				6FA086681E4C43FD00E41869 /* Release */,
			);
			defaultConfigurationIsVisible = 0;
			defaultConfigurationName = Release;
		};
		6FA086691E4C43FD00E41869 /* Build configuration list for PBXNativeTarget "Cotegory_day10" */ = {
			isa = XCConfigurationList;
			buildConfigurations = (
				6FA0866A1E4C43FD00E41869 /* Debug */,
				6FA0866B1E4C43FD00E41869 /* Release */,
			);
			defaultConfigurationIsVisible = 0;
		};
/* End XCConfigurationList section */
	};
	rootObject = 6FA0865A1E4C43FD00E41869 /* Project object */;
}
